// !$*UTF8*$!
{
	archiveVersion = 1;
	classes = {
	};
	objectVersion = 77;
	objects = {

/* Begin PBXBuildFile section */
		8FD1DDF52FAB9DB8002B8F0A /* FirebaseAI in Frameworks */ = {isa = PBXBuildFile; productRef = 8FD1DDF42FAB9DB8002B8F0A /* FirebaseAI */; };
		8FD1DDF72FAB9DB8002B8F0A /* FirebaseAILogic in Frameworks */ = {isa = PBXBuildFile; productRef = 8FD1DDF62FAB9DB8002B8F0A /* FirebaseAILogic */; };
		8FD1DDF92FAB9DB8002B8F0A /* FirebaseAnalytics in Frameworks */ = {isa = PBXBuildFile; productRef = 8FD1DDF82FAB9DB8002B8F0A /* FirebaseAnalytics */; };
		8FD1DDFB2FAB9DB8002B8F0A /* FirebaseAnalyticsCore in Frameworks */ = {isa = PBXBuildFile; productRef = 8FD1DDFA2FAB9DB8002B8F0A /* FirebaseAnalyticsCore */; };
		8FD1DDFD2FAB9DB8002B8F0A /* FirebaseAnalyticsIdentitySupport in Frameworks */ = {isa = PBXBuildFile; productRef = 8FD1DDFC2FAB9DB8002B8F0A /* FirebaseAnalyticsIdentitySupport */; };
		8FD1DDFF2FAB9DB8002B8F0A /* FirebaseAppCheck in Frameworks */ = {isa = PBXBuildFile; productRef = 8FD1DDFE2FAB9DB8002B8F0A /* FirebaseAppCheck */; };
		8FD1DE012FAB9DB8002B8F0A /* FirebaseAppDistribution-Beta in Frameworks */ = {isa = PBXBuildFile; productRef = 8FD1DE002FAB9DB8002B8F0A /* FirebaseAppDistribution-Beta */; };
		8FD1DE032FAB9DB8002B8F0A /* FirebaseAuth in Frameworks */ = {isa = PBXBuildFile; productRef = 8FD1DE022FAB9DB8002B8F0A /* FirebaseAuth */; };
		8FD1DE052FAB9DB8002B8F0A /* FirebaseAuthCombine-Community in Frameworks */ = {isa = PBXBuildFile; productRef = 8FD1DE042FAB9DB8002B8F0A /* FirebaseAuthCombine-Community */; };
		8FD1DE072FAB9DB8002B8F0A /* FirebaseCore in Frameworks */ = {isa = PBXBuildFile; productRef = 8FD1DE062FAB9DB8002B8F0A /* FirebaseCore */; };
		8FD1DE092FAB9DB8002B8F0A /* FirebaseCrashlytics in Frameworks */ = {isa = PBXBuildFile; productRef = 8FD1DE082FAB9DB8002B8F0A /* FirebaseCrashlytics */; };
		8FD1DE0B2FAB9DB8002B8F0A /* FirebaseDatabase in Frameworks */ = {isa = PBXBuildFile; productRef = 8FD1DE0A2FAB9DB8002B8F0A /* FirebaseDatabase */; };
		8FD1DE0D2FAB9DB8002B8F0A /* FirebaseFirestore in Frameworks */ = {isa = PBXBuildFile; productRef = 8FD1DE0C2FAB9DB8002B8F0A /* FirebaseFirestore */; };
		8FD1DE0F2FAB9DB8002B8F0A /* FirebaseFirestoreCombine-Community in Frameworks */ = {isa = PBXBuildFile; productRef = 8FD1DE0E2FAB9DB8002B8F0A /* FirebaseFirestoreCombine-Community */; };
		8FD1DE112FAB9DB8002B8F0A /* FirebaseFunctions in Frameworks */ = {isa = PBXBuildFile; productRef = 8FD1DE102FAB9DB8002B8F0A /* FirebaseFunctions */; };
		8FD1DE132FAB9DB8002B8F0A /* FirebaseFunctionsCombine-Community in Frameworks */ = {isa = PBXBuildFile; productRef = 8FD1DE122FAB9DB8002B8F0A /* FirebaseFunctionsCombine-Community */; };
		8FD1DE152FAB9DB8002B8F0A /* FirebaseInAppMessaging-Beta in Frameworks */ = {isa = PBXBuildFile; productRef = 8FD1DE142FAB9DB8002B8F0A /* FirebaseInAppMessaging-Beta */; };
		8FD1DE172FAB9DB8002B8F0A /* FirebaseInstallations in Frameworks */ = {isa = PBXBuildFile; productRef = 8FD1DE162FAB9DB8002B8F0A /* FirebaseInstallations */; };
		8FD1DE192FAB9DB8002B8F0A /* FirebaseMLModelDownloader in Frameworks */ = {isa = PBXBuildFile; productRef = 8FD1DE182FAB9DB8002B8F0A /* FirebaseMLModelDownloader */; };
		8FD1DE1B2FAB9DB8002B8F0A /* FirebaseMessaging in Frameworks */ = {isa = PBXBuildFile; productRef = 8FD1DE1A2FAB9DB8002B8F0A /* FirebaseMessaging */; };
		8FD1DE1D2FAB9DB8002B8F0A /* FirebasePerformance in Frameworks */ = {isa = PBXBuildFile; productRef = 8FD1DE1C2FAB9DB8002B8F0A /* FirebasePerformance */; };
		8FD1DE1F2FAB9DB8002B8F0A /* FirebaseRemoteConfig in Frameworks */ = {isa = PBXBuildFile; productRef = 8FD1DE1E2FAB9DB8002B8F0A /* FirebaseRemoteConfig */; };
		8FD1DE212FAB9DB8002B8F0A /* FirebaseStorage in Frameworks */ = {isa = PBXBuildFile; productRef = 8FD1DE202FAB9DB8002B8F0A /* FirebaseStorage */; };
		8FD1DE232FAB9DB8002B8F0A /* FirebaseStorageCombine-Community in Frameworks */ = {isa = PBXBuildFile; productRef = 8FD1DE222FAB9DB8002B8F0A /* FirebaseStorageCombine-Community */; };
		A1C0DE000000000000000004 /* KMPNativeCoroutinesAsync in Frameworks */ = {isa = PBXBuildFile; productRef = A1C0DE000000000000000002 /* KMPNativeCoroutinesAsync */; };
		A1C0DE000000000000000005 /* KMPNativeCoroutinesCore in Frameworks */ = {isa = PBXBuildFile; productRef = A1C0DE000000000000000003 /* KMPNativeCoroutinesCore */; };
/* End PBXBuildFile section */

/* Begin PBXFileReference section */
		223393CFAC5931295932408F /* RaceHub.app */ = {isa = PBXFileReference; explicitFileType = wrapper.application; includeInIndex = 0; path = RaceHub.app; sourceTree = BUILT_PRODUCTS_DIR; };
/* End PBXFileReference section */

/* Begin PBXFileSystemSynchronizedBuildFileExceptionSet section */
		B7F118A102BEDB0C9A5D63E3 /* Exceptions for "iosApp" folder in "iosApp" target */ = {
			isa = PBXFileSystemSynchronizedBuildFileExceptionSet;
			membershipExceptions = (
				Info.plist,
			);
			target = 1FA14F6345DD07B7C0EC35BB /* iosApp */;
		};
/* End PBXFileSystemSynchronizedBuildFileExceptionSet section */

/* Begin PBXFileSystemSynchronizedRootGroup section */
		A1D1B126D818206609D7922D /* Configuration */ = {
			isa = PBXFileSystemSynchronizedRootGroup;
			path = Configuration;
			sourceTree = "<group>";
		};
		DC8C6925651B9C9AF3E3E9E3 /* iosApp */ = {
			isa = PBXFileSystemSynchronizedRootGroup;
			exceptions = (
				B7F118A102BEDB0C9A5D63E3 /* Exceptions for "iosApp" folder in "iosApp" target */,
			);
			path = iosApp;
			sourceTree = "<group>";
		};
/* End PBXFileSystemSynchronizedRootGroup section */

/* Begin PBXFrameworksBuildPhase section */
		79C2B80A2D1BCCE4E9B4112B /* Frameworks */ = {
			isa = PBXFrameworksBuildPhase;
			buildActionMask = 2147483647;
			files = (
				A1C0DE000000000000000004 /* KMPNativeCoroutinesAsync in Frameworks */,
				A1C0DE000000000000000005 /* KMPNativeCoroutinesCore in Frameworks */,
				8FD1DE012FAB9DB8002B8F0A /* FirebaseAppDistribution-Beta in Frameworks */,
				8FD1DE0D2FAB9DB8002B8F0A /* FirebaseFirestore in Frameworks */,
				8FD1DE052FAB9DB8002B8F0A /* FirebaseAuthCombine-Community in Frameworks */,
				8FD1DE172FAB9DB8002B8F0A /* FirebaseInstallations in Frameworks */,
				8FD1DDF72FAB9DB8002B8F0A /* FirebaseAILogic in Frameworks */,
				8FD1DDFD2FAB9DB8002B8F0A /* FirebaseAnalyticsIdentitySupport in Frameworks */,
				8FD1DE152FAB9DB8002B8F0A /* FirebaseInAppMessaging-Beta in Frameworks */,
				8FD1DDF52FAB9DB8002B8F0A /* FirebaseAI in Frameworks */,
				8FD1DE092FAB9DB8002B8F0A /* FirebaseCrashlytics in Frameworks */,
				8FD1DE132FAB9DB8002B8F0A /* FirebaseFunctionsCombine-Community in Frameworks */,
				8FD1DE232FAB9DB8002B8F0A /* FirebaseStorageCombine-Community in Frameworks */,
				8FD1DE0B2FAB9DB8002B8F0A /* FirebaseDatabase in Frameworks */,
				8FD1DE212FAB9DB8002B8F0A /* FirebaseStorage in Frameworks */,
				8FD1DE1F2FAB9DB8002B8F0A /* FirebaseRemoteConfig in Frameworks */,
				8FD1DDF92FAB9DB8002B8F0A /* FirebaseAnalytics in Frameworks */,
				8FD1DE1B2FAB9DB8002B8F0A /* FirebaseMessaging in Frameworks */,
				8FD1DE192FAB9DB8002B8F0A /* FirebaseMLModelDownloader in Frameworks */,
				8FD1DE1D2FAB9DB8002B8F0A /* FirebasePerformance in Frameworks */,
				8FD1DE072FAB9DB8002B8F0A /* FirebaseCore in Frameworks */,
				8FD1DDFF2FAB9DB8002B8F0A /* FirebaseAppCheck in Frameworks */,
				8FD1DDFB2FAB9DB8002B8F0A /* FirebaseAnalyticsCore in Frameworks */,
				8FD1DE112FAB9DB8002B8F0A /* FirebaseFunctions in Frameworks */,
				8FD1DE032FAB9DB8002B8F0A /* FirebaseAuth in Frameworks */,
				8FD1DE0F2FAB9DB8002B8F0A /* FirebaseFirestoreCombine-Community in Frameworks */,
			);
			runOnlyForDeploymentPostprocessing = 0;
		};
/* End PBXFrameworksBuildPhase section */

/* Begin PBXGroup section */
		25A116BFDA278562124B4F2F /* Products */ = {
			isa = PBXGroup;
			children = (
				223393CFAC5931295932408F /* RaceHub.app */,
			);
			name = Products;
			sourceTree = "<group>";
		};
		4C8969DA9F221AA2C573FFC4 = {
			isa = PBXGroup;
			children = (
				A1D1B126D818206609D7922D /* Configuration */,
				DC8C6925651B9C9AF3E3E9E3 /* iosApp */,
				25A116BFDA278562124B4F2F /* Products */,
			);
			sourceTree = "<group>";
		};
/* End PBXGroup section */

/* Begin PBXNativeTarget section */
		1FA14F6345DD07B7C0EC35BB /* iosApp */ = {
			isa = PBXNativeTarget;
			buildConfigurationList = 0A1F74DF5E01364222C78E21 /* Build configuration list for PBXNativeTarget "iosApp" */;
			buildPhases = (
				70DED58E7A79BE71656A6B39 /* Compile Kotlin Framework */,
				9E43D383E0013B8804D273B3 /* Sources */,
				79C2B80A2D1BCCE4E9B4112B /* Frameworks */,
				CD2E12376A30F221F8C22048 /* Resources */,
			);
			buildRules = (
			);
			dependencies = (
			);
			fileSystemSynchronizedGroups = (
				DC8C6925651B9C9AF3E3E9E3 /* iosApp */,
			);
			name = iosApp;
			packageProductDependencies = (
				A1C0DE000000000000000002 /* KMPNativeCoroutinesAsync */,
				A1C0DE000000000000000003 /* KMPNativeCoroutinesCore */,
				8FD1DDF42FAB9DB8002B8F0A /* FirebaseAI */,
				8FD1DDF62FAB9DB8002B8F0A /* FirebaseAILogic */,
				8FD1DDF82FAB9DB8002B8F0A /* FirebaseAnalytics */,
				8FD1DDFA2FAB9DB8002B8F0A /* FirebaseAnalyticsCore */,
				8FD1DDFC2FAB9DB8002B8F0A /* FirebaseAnalyticsIdentitySupport */,
				8FD1DDFE2FAB9DB8002B8F0A /* FirebaseAppCheck */,
				8FD1DE002FAB9DB8002B8F0A /* FirebaseAppDistribution-Beta */,
				8FD1DE022FAB9DB8002B8F0A /* FirebaseAuth */,
				8FD1DE042FAB9DB8002B8F0A /* FirebaseAuthCombine-Community */,
				8FD1DE062FAB9DB8002B8F0A /* FirebaseCore */,
				8FD1DE082FAB9DB8002B8F0A /* FirebaseCrashlytics */,
				8FD1DE0A2FAB9DB8002B8F0A /* FirebaseDatabase */,
				8FD1DE0C2FAB9DB8002B8F0A /* FirebaseFirestore */,
				8FD1DE0E2FAB9DB8002B8F0A /* FirebaseFirestoreCombine-Community */,
				8FD1DE102FAB9DB8002B8F0A /* FirebaseFunctions */,
				8FD1DE122FAB9DB8002B8F0A /* FirebaseFunctionsCombine-Community */,
				8FD1DE142FAB9DB8002B8F0A /* FirebaseInAppMessaging-Beta */,
				8FD1DE162FAB9DB8002B8F0A /* FirebaseInstallations */,
				8FD1DE182FAB9DB8002B8F0A /* FirebaseMLModelDownloader */,
				8FD1DE1A2FAB9DB8002B8F0A /* FirebaseMessaging */,
				8FD1DE1C2FAB9DB8002B8F0A /* FirebasePerformance */,
				8FD1DE1E2FAB9DB8002B8F0A /* FirebaseRemoteConfig */,
				8FD1DE202FAB9DB8002B8F0A /* FirebaseStorage */,
				8FD1DE222FAB9DB8002B8F0A /* FirebaseStorageCombine-Community */,
			);
			productName = iosApp;
			productReference = 223393CFAC5931295932408F /* RaceHub.app */;
			productType = "com.apple.product-type.application";
		};
/* End PBXNativeTarget section */

/* Begin PBXProject section */
		0E5C98043399750D830BB2D0 /* Project object */ = {
			isa = PBXProject;
			attributes = {
				BuildIndependentTargetsInParallel = 1;
				LastSwiftUpdateCheck = 1620;
				LastUpgradeCheck = 2640;
				TargetAttributes = {
					1FA14F6345DD07B7C0EC35BB = {
						CreatedOnToolsVersion = 16.2;
					};
				};
			};
			buildConfigurationList = E5E96CE9CB4415EE87952F02 /* Build configuration list for PBXProject "iosApp" */;
			developmentRegion = en;
			hasScannedForEncodings = 0;
			knownRegions = (
				en,
				Base,
			);
			mainGroup = 4C8969DA9F221AA2C573FFC4;
			minimizedProjectReferenceProxies = 1;
			packageReferences = (
				A1C0DE000000000000000001 /* XCRemoteSwiftPackageReference "KMP-NativeCoroutines" */,
				8FD1DDF32FAB9DB8002B8F0A /* XCRemoteSwiftPackageReference "firebase-ios-sdk" */,
			);
			preferredProjectObjectVersion = 77;
			productRefGroup = 25A116BFDA278562124B4F2F /* Products */;
			projectDirPath = "";
			projectRoot = "";
			targets = (
				1FA14F6345DD07B7C0EC35BB /* iosApp */,
			);
		};
/* End PBXProject section */

/* Begin PBXResourcesBuildPhase section */
		CD2E12376A30F221F8C22048 /* Resources */ = {
			isa = PBXResourcesBuildPhase;
			buildActionMask = 2147483647;
			files = (
			);
			runOnlyForDeploymentPostprocessing = 0;
		};
/* End PBXResourcesBuildPhase section */

/* Begin PBXShellScriptBuildPhase section */
		70DED58E7A79BE71656A6B39 /* Compile Kotlin Framework */ = {
			isa = PBXShellScriptBuildPhase;
			alwaysOutOfDate = 1;
			buildActionMask = 2147483647;
			files = (
			);
			inputFileListPaths = (
			);
			inputPaths = (
			);
			name = "Compile Kotlin Framework";
			outputFileListPaths = (
			);
			outputPaths = (
			);
			runOnlyForDeploymentPostprocessing = 0;
			shellPath = /bin/sh;
			shellScript = "if [ \"YES\" = \"$OVERRIDE_KOTLIN_BUILD_IDE_SUPPORTED\" ]; then\n  echo \"Skipping Gradle build task invocation due to OVERRIDE_KOTLIN_BUILD_IDE_SUPPORTED environment variable set to \\\"YES\\\"\"\n  exit 0\nfi\nexport PATH=\"/opt/homebrew/opt/openjdk@21/bin:$PATH\"\ncd \"$SRCROOT/..\"\n./gradlew :shared:embedAndSignAppleFrameworkForXcode\n";
		};
/* End PBXShellScriptBuildPhase section */

/* Begin PBXSourcesBuildPhase section */
		9E43D383E0013B8804D273B3 /* Sources */ = {
			isa = PBXSourcesBuildPhase;
			buildActionMask = 2147483647;
			files = (
			);
			runOnlyForDeploymentPostprocessing = 0;
		};
/* End PBXSourcesBuildPhase section */

/* Begin XCBuildConfiguration section */
		31F6F69A1A74383DA13004A5 /* Release */ = {
			isa = XCBuildConfiguration;
			baseConfigurationReferenceAnchor = A1D1B126D818206609D7922D /* Configuration */;
			baseConfigurationReferenceRelativePath = Config.xcconfig;
			buildSettings = {
				ALWAYS_SEARCH_USER_PATHS = NO;
				ASSETCATALOG_COMPILER_GENERATE_SWIFT_ASSET_SYMBOL_EXTENSIONS = YES;
				CLANG_ANALYZER_NONNULL = YES;
				CLANG_ANALYZER_NUMBER_OBJECT_CONVERSION = YES_AGGRESSIVE;
				CLANG_CXX_LANGUAGE_STANDARD = "gnu++20";
				CLANG_ENABLE_MODULES = YES;
				CLANG_ENABLE_OBJC_ARC = YES;
				CLANG_ENABLE_OBJC_WEAK = YES;
				CLANG_WARN_BLOCK_CAPTURE_AUTORELEASING = YES;
				CLANG_WARN_BOOL_CONVERSION = YES;
				CLANG_WARN_COMMA = YES;
				CLANG_WARN_CONSTANT_CONVERSION = YES;
				CLANG_WARN_DEPRECATED_OBJC_IMPLEMENTATIONS = YES;
				CLANG_WARN_DIRECT_OBJC_ISA_USAGE = YES_ERROR;
				CLANG_WARN_DOCUMENTATION_COMMENTS = YES;
				CLANG_WARN_EMPTY_BODY = YES;
				CLANG_WARN_ENUM_CONVERSION = YES;
				CLANG_WARN_INFINITE_RECURSION = YES;
				CLANG_WARN_INT_CONVERSION = YES;
				CLANG_WARN_NON_LITERAL_NULL_CONVERSION = YES;
				CLANG_WARN_OBJC_IMPLICIT_RETAIN_SELF = YES;
				CLANG_WARN_OBJC_LITERAL_CONVERSION = YES;
				CLANG_WARN_OBJC_ROOT_CLASS = YES_ERROR;
				CLANG_WARN_QUOTED_INCLUDE_IN_FRAMEWORK_HEADER = YES;
				CLANG_WARN_RANGE_LOOP_ANALYSIS = YES;
				CLANG_WARN_STRICT_PROTOTYPES = YES;
				CLANG_WARN_SUSPICIOUS_MOVE = YES;
				CLANG_WARN_UNGUARDED_AVAILABILITY = YES_AGGRESSIVE;
				CLANG_WARN_UNREACHABLE_CODE = YES;
				CLANG_WARN__DUPLICATE_METHOD_MATCH = YES;
				COPY_PHASE_STRIP = NO;
				DEBUG_INFORMATION_FORMAT = "dwarf-with-dsym";
				DEVELOPMENT_TEAM = "${TEAM_ID}";
				ENABLE_NS_ASSERTIONS = NO;
				ENABLE_STRICT_OBJC_MSGSEND = YES;
				ENABLE_USER_SCRIPT_SANDBOXING = NO;
				GCC_C_LANGUAGE_STANDARD = gnu17;
				GCC_NO_COMMON_BLOCKS = YES;
				GCC_WARN_64_TO_32_BIT_CONVERSION = YES;
				GCC_WARN_ABOUT_RETURN_TYPE = YES_ERROR;
				GCC_WARN_UNDECLARED_SELECTOR = YES;
				GCC_WARN_UNINITIALIZED_AUTOS = YES_AGGRESSIVE;
				GCC_WARN_UNUSED_FUNCTION = YES;
				GCC_WARN_UNUSED_VARIABLE = YES;
				IPHONEOS_DEPLOYMENT_TARGET = 18.2;
				LOCALIZATION_PREFERS_STRING_CATALOGS = YES;
				MTL_ENABLE_DEBUG_INFO = NO;
				MTL_FAST_MATH = YES;
				SDKROOT = iphoneos;
				STRING_CATALOG_GENERATE_SYMBOLS = YES;
				SWIFT_COMPILATION_MODE = wholemodule;
				VALIDATE_PRODUCT = YES;
			};
			name = Release;
		};
		3C41E47D16C43DE2A7697FFA /* Release */ = {
			isa = XCBuildConfiguration;
			buildSettings = {
				ASSETCATALOG_COMPILER_APPICON_NAME = AppIcon;
				ASSETCATALOG_COMPILER_GLOBAL_ACCENT_COLOR_NAME = AccentColor;
				CODE_SIGN_IDENTITY = "Apple Development";
				CODE_SIGN_STYLE = Automatic;
				DEVELOPMENT_ASSET_PATHS = "\"iosApp/Preview Content\"";
				ENABLE_PREVIEWS = YES;
				GENERATE_INFOPLIST_FILE = YES;
				INFOPLIST_FILE = iosApp/Info.plist;
				INFOPLIST_KEY_UIApplicationSceneManifest_Generation = YES;
				INFOPLIST_KEY_UIApplicationSupportsIndirectInputEvents = YES;
				INFOPLIST_KEY_UILaunchScreen_Generation = YES;
				INFOPLIST_KEY_UISupportedInterfaceOrientations_iPad = "UIInterfaceOrientationPortrait UIInterfaceOrientationPortraitUpsideDown UIInterfaceOrientationLandscapeLeft UIInterfaceOrientationLandscapeRight";
				INFOPLIST_KEY_UISupportedInterfaceOrientations_iPhone = "UIInterfaceOrientationPortrait UIInterfaceOrientationLandscapeLeft UIInterfaceOrientationLandscapeRight";
				LD_RUNPATH_SEARCH_PATHS = (
					"$(inherited)",
					"@executable_path/Frameworks",
				);
				SWIFT_EMIT_LOC_STRINGS = YES;
				SWIFT_VERSION = 5.0;
				TARGETED_DEVICE_FAMILY = "1,2";
			};
			name = Release;
		};
		6EB7222E1A051E96AE63EC08 /* Debug */ = {
			isa = XCBuildConfiguration;
			buildSettings = {
				ASSETCATALOG_COMPILER_APPICON_NAME = AppIcon;
				ASSETCATALOG_COMPILER_GLOBAL_ACCENT_COLOR_NAME = AccentColor;
				CODE_SIGN_IDENTITY = "Apple Development";
				CODE_SIGN_STYLE = Automatic;
				DEVELOPMENT_ASSET_PATHS = "\"iosApp/Preview Content\"";
				ENABLE_PREVIEWS = YES;
				GENERATE_INFOPLIST_FILE = YES;
				INFOPLIST_FILE = iosApp/Info.plist;
				INFOPLIST_KEY_UIApplicationSceneManifest_Generation = YES;
				INFOPLIST_KEY_UIApplicationSupportsIndirectInputEvents = YES;
				INFOPLIST_KEY_UILaunchScreen_Generation = YES;
				INFOPLIST_KEY_UISupportedInterfaceOrientations_iPad = "UIInterfaceOrientationPortrait UIInterfaceOrientationPortraitUpsideDown UIInterfaceOrientationLandscapeLeft UIInterfaceOrientationLandscapeRight";
				INFOPLIST_KEY_UISupportedInterfaceOrientations_iPhone = "UIInterfaceOrientationPortrait UIInterfaceOrientationLandscapeLeft UIInterfaceOrientationLandscapeRight";
				LD_RUNPATH_SEARCH_PATHS = (
					"$(inherited)",
					"@executable_path/Frameworks",
				);
				SWIFT_EMIT_LOC_STRINGS = YES;
				SWIFT_VERSION = 5.0;
				TARGETED_DEVICE_FAMILY = "1,2";
			};
			name = Debug;
		};
		771D9D90CC8308C6CB6AC99C /* Debug */ = {
			isa = XCBuildConfiguration;
			baseConfigurationReferenceAnchor = A1D1B126D818206609D7922D /* Configuration */;
			baseConfigurationReferenceRelativePath = Config.xcconfig;
			buildSettings = {
				ALWAYS_SEARCH_USER_PATHS = NO;
				ASSETCATALOG_COMPILER_GENERATE_SWIFT_ASSET_SYMBOL_EXTENSIONS = YES;
				CLANG_ANALYZER_NONNULL = YES;
				CLANG_ANALYZER_NUMBER_OBJECT_CONVERSION = YES_AGGRESSIVE;
				CLANG_CXX_LANGUAGE_STANDARD = "gnu++20";
				CLANG_ENABLE_MODULES = YES;
				CLANG_ENABLE_OBJC_ARC = YES;
				CLANG_ENABLE_OBJC_WEAK = YES;
				CLANG_WARN_BLOCK_CAPTURE_AUTORELEASING = YES;
				CLANG_WARN_BOOL_CONVERSION = YES;
				CLANG_WARN_COMMA = YES;
				CLANG_WARN_CONSTANT_CONVERSION = YES;
				CLANG_WARN_DEPRECATED_OBJC_IMPLEMENTATIONS = YES;
				CLANG_WARN_DIRECT_OBJC_ISA_USAGE = YES_ERROR;
				CLANG_WARN_DOCUMENTATION_COMMENTS = YES;
				CLANG_WARN_EMPTY_BODY = YES;
				CLANG_WARN_ENUM_CONVERSION = YES;
				CLANG_WARN_INFINITE_RECURSION = YES;
				CLANG_WARN_INT_CONVERSION = YES;
				CLANG_WARN_NON_LITERAL_NULL_CONVERSION = YES;
				CLANG_WARN_OBJC_IMPLICIT_RETAIN_SELF = YES;
				CLANG_WARN_OBJC_LITERAL_CONVERSION = YES;
				CLANG_WARN_OBJC_ROOT_CLASS = YES_ERROR;
				CLANG_WARN_QUOTED_INCLUDE_IN_FRAMEWORK_HEADER = YES;
				CLANG_WARN_RANGE_LOOP_ANALYSIS = YES;
				CLANG_WARN_STRICT_PROTOTYPES = YES;
				CLANG_WARN_SUSPICIOUS_MOVE = YES;
				CLANG_WARN_UNGUARDED_AVAILABILITY = YES_AGGRESSIVE;
				CLANG_WARN_UNREACHABLE_CODE = YES;
				CLANG_WARN__DUPLICATE_METHOD_MATCH = YES;
				COPY_PHASE_STRIP = NO;
				DEBUG_INFORMATION_FORMAT = dwarf;
				DEVELOPMENT_TEAM = "${TEAM_ID}";
				ENABLE_STRICT_OBJC_MSGSEND = YES;
				ENABLE_TESTABILITY = YES;
				ENABLE_USER_SCRIPT_SANDBOXING = NO;
				GCC_C_LANGUAGE_STANDARD = gnu17;
				GCC_DYNAMIC_NO_PIC = NO;
				GCC_NO_COMMON_BLOCKS = YES;
				GCC_OPTIMIZATION_LEVEL = 0;
				GCC_PREPROCESSOR_DEFINITIONS = (
					"DEBUG=1",
					"$(inherited)",
				);
				GCC_WARN_64_TO_32_BIT_CONVERSION = YES;
				GCC_WARN_ABOUT_RETURN_TYPE = YES_ERROR;
				GCC_WARN_UNDECLARED_SELECTOR = YES;
				GCC_WARN_UNINITIALIZED_AUTOS = YES_AGGRESSIVE;
				GCC_WARN_UNUSED_FUNCTION = YES;
				GCC_WARN_UNUSED_VARIABLE = YES;
				IPHONEOS_DEPLOYMENT_TARGET = 18.2;
				LOCALIZATION_PREFERS_STRING_CATALOGS = YES;
				MTL_ENABLE_DEBUG_INFO = INCLUDE_SOURCE;
				MTL_FAST_MATH = YES;
				ONLY_ACTIVE_ARCH = YES;
				SDKROOT = iphoneos;
				STRING_CATALOG_GENERATE_SYMBOLS = YES;
				SWIFT_ACTIVE_COMPILATION_CONDITIONS = "DEBUG $(inherited)";
				SWIFT_OPTIMIZATION_LEVEL = "-Onone";
			};
			name = Debug;
		};
/* End XCBuildConfiguration section */

/* Begin XCConfigurationList section */
		0A1F74DF5E01364222C78E21 /* Build configuration list for PBXNativeTarget "iosApp" */ = {
			isa = XCConfigurationList;
			buildConfigurations = (
				6EB7222E1A051E96AE63EC08 /* Debug */,
				3C41E47D16C43DE2A7697FFA /* Release */,
			);
			defaultConfigurationIsVisible = 0;
			defaultConfigurationName = Debug;
		};
		E5E96CE9CB4415EE87952F02 /* Build configuration list for PBXProject "iosApp" */ = {
			isa = XCConfigurationList;
			buildConfigurations = (
				771D9D90CC8308C6CB6AC99C /* Debug */,
				31F6F69A1A74383DA13004A5 /* Release */,
			);
			defaultConfigurationIsVisible = 0;
			defaultConfigurationName = Debug;
		};
/* End XCConfigurationList section */

/* Begin XCRemoteSwiftPackageReference section */
		8FD1DDF32FAB9DB8002B8F0A /* XCRemoteSwiftPackageReference "firebase-ios-sdk" */ = {
			isa = XCRemoteSwiftPackageReference;
			repositoryURL = "https://github.com/firebase/firebase-ios-sdk";
			requirement = {
				kind = upToNextMajorVersion;
				minimumVersion = 12.19.2;
			};
		};
		A1C0DE000000000000000001 /* XCRemoteSwiftPackageReference "KMP-NativeCoroutines" */ = {
			isa = XCRemoteSwiftPackageReference;
			repositoryURL = "https://github.com/rickclephas/KMP-NativeCoroutines.git";
			requirement = {
				kind = exactVersion;
				version = 1.0.6;
			};
		};
/* End XCRemoteSwiftPackageReference section */

/* Begin XCSwiftPackageProductDependency section */
		8FD1DDF42FAB9DB8002B8F0A /* FirebaseAI */ = {
			isa = XCSwiftPackageProductDependency;
			package = 8FD1DDF32FAB9DB8002B8F0A /* XCRemoteSwiftPackageReference "firebase-ios-sdk" */;
			productName = FirebaseAI;
		};
		8FD1DDF62FAB9DB8002B8F0A /* FirebaseAILogic */ = {
			isa = XCSwiftPackageProductDependency;
			package = 8FD1DDF32FAB9DB8002B8F0A /* XCRemoteSwiftPackageReference "firebase-ios-sdk" */;
			productName = FirebaseAILogic;
		};
		8FD1DDF82FAB9DB8002B8F0A /* FirebaseAnalytics */ = {
			isa = XCSwiftPackageProductDependency;
			package = 8FD1DDF32FAB9DB8002B8F0A /* XCRemoteSwiftPackageReference "firebase-ios-sdk" */;
			productName = FirebaseAnalytics;
		};
		8FD1DDFA2FAB9DB8002B8F0A /* FirebaseAnalyticsCore */ = {
			isa = XCSwiftPackageProductDependency;
			package = 8FD1DDF32FAB9DB8002B8F0A /* XCRemoteSwiftPackageReference "firebase-ios-sdk" */;
			productName = FirebaseAnalyticsCore;
		};
		8FD1DDFC2FAB9DB8002B8F0A /* FirebaseAnalyticsIdentitySupport */ = {
			isa = XCSwiftPackageProductDependency;
			package = 8FD1DDF32FAB9DB8002B8F0A /* XCRemoteSwiftPackageReference "firebase-ios-sdk" */;
			productName = FirebaseAnalyticsIdentitySupport;
		};
		8FD1DDFE2FAB9DB8002B8F0A /* FirebaseAppCheck */ = {
			isa = XCSwiftPackageProductDependency;
			package = 8FD1DDF32FAB9DB8002B8F0A /* XCRemoteSwiftPackageReference "firebase-ios-sdk" */;
			productName = FirebaseAppCheck;
		};
		8FD1DE002FAB9DB8002B8F0A /* FirebaseAppDistribution-Beta */ = {
			isa = XCSwiftPackageProductDependency;
			package = 8FD1DDF32FAB9DB8002B8F0A /* XCRemoteSwiftPackageReference "firebase-ios-sdk" */;
			productName = "FirebaseAppDistribution-Beta";
		};
		8FD1DE022FAB9DB8002B8F0A /* FirebaseAuth */ = {
			isa = XCSwiftPackageProductDependency;
			package = 8FD1DDF32FAB9DB8002B8F0A /* XCRemoteSwiftPackageReference "firebase-ios-sdk" */;
			productName = FirebaseAuth;
		};
		8FD1DE042FAB9DB8002B8F0A /* FirebaseAuthCombine-Community */ = {
			isa = XCSwiftPackageProductDependency;
			package = 8FD1DDF32FAB9DB8002B8F0A /* XCRemoteSwiftPackageReference "firebase-ios-sdk" */;
			productName = "FirebaseAuthCombine-Community";
		};
		8FD1DE062FAB9DB8002B8F0A /* FirebaseCore */ = {
			isa = XCSwiftPackageProductDependency;
			package = 8FD1DDF32FAB9DB8002B8F0A /* XCRemoteSwiftPackageReference "firebase-ios-sdk" */;
			productName = FirebaseCore;
		};
		8FD1DE082FAB9DB8002B8F0A /* FirebaseCrashlytics */ = {
			isa = XCSwiftPackageProductDependency;
			package = 8FD1DDF32FAB9DB8002B8F0A /* XCRemoteSwiftPackageReference "firebase-ios-sdk" */;
			productName = FirebaseCrashlytics;
		};
		8FD1DE0A2FAB9DB8002B8F0A /* FirebaseDatabase */ = {
			isa = XCSwiftPackageProductDependency;
			package = 8FD1DDF32FAB9DB8002B8F0A /* XCRemoteSwiftPackageReference "firebase-ios-sdk" */;
			productName = FirebaseDatabase;
		};
		8FD1DE0C2FAB9DB8002B8F0A /* FirebaseFirestore */ = {
			isa = XCSwiftPackageProductDependency;
			package = 8FD1DDF32FAB9DB8002B8F0A /* XCRemoteSwiftPackageReference "firebase-ios-sdk" */;
			productName = FirebaseFirestore;
		};
		8FD1DE0E2FAB9DB8002B8F0A /* FirebaseFirestoreCombine-Community */ = {
			isa = XCSwiftPackageProductDependency;
			package = 8FD1DDF32FAB9DB8002B8F0A /* XCRemoteSwiftPackageReference "firebase-ios-sdk" */;
			productName = "FirebaseFirestoreCombine-Community";
		};
		8FD1DE102FAB9DB8002B8F0A /* FirebaseFunctions */ = {
			isa = XCSwiftPackageProductDependency;
			package = 8FD1DDF32FAB9DB8002B8F0A /* XCRemoteSwiftPackageReference "firebase-ios-sdk" */;
			productName = FirebaseFunctions;
		};
		8FD1DE122FAB9DB8002B8F0A /* FirebaseFunctionsCombine-Community */ = {
			isa = XCSwiftPackageProductDependency;
			package = 8FD1DDF32FAB9DB8002B8F0A /* XCRemoteSwiftPackageReference "firebase-ios-sdk" */;
			productName = "FirebaseFunctionsCombine-Community";
		};
		8FD1DE142FAB9DB8002B8F0A /* FirebaseInAppMessaging-Beta */ = {
			isa = XCSwiftPackageProductDependency;
			package = 8FD1DDF32FAB9DB8002B8F0A /* XCRemoteSwiftPackageReference "firebase-ios-sdk" */;
			productName = "FirebaseInAppMessaging-Beta";
		};
		8FD1DE162FAB9DB8002B8F0A /* FirebaseInstallations */ = {
			isa = XCSwiftPackageProductDependency;
			package = 8FD1DDF32FAB9DB8002B8F0A /* XCRemoteSwiftPackageReference "firebase-ios-sdk" */;
			productName = FirebaseInstallations;
		};
		8FD1DE182FAB9DB8002B8F0A /* FirebaseMLModelDownloader */ = {
			isa = XCSwiftPackageProductDependency;
			package = 8FD1DDF32FAB9DB8002B8F0A /* XCRemoteSwiftPackageReference "firebase-ios-sdk" */;
			productName = FirebaseMLModelDownloader;
		};
		8FD1DE1A2FAB9DB8002B8F0A /* FirebaseMessaging */ = {
			isa = XCSwiftPackageProductDependency;
			package = 8FD1DDF32FAB9DB8002B8F0A /* XCRemoteSwiftPackageReference "firebase-ios-sdk" */;
			productName = FirebaseMessaging;
		};
		8FD1DE1C2FAB9DB8002B8F0A /* FirebasePerformance */ = {
			isa = XCSwiftPackageProductDependency;
			package = 8FD1DDF32FAB9DB8002B8F0A /* XCRemoteSwiftPackageReference "firebase-ios-sdk" */;
			productName = FirebasePerformance;
		};
		8FD1DE1E2FAB9DB8002B8F0A /* FirebaseRemoteConfig */ = {
			isa = XCSwiftPackageProductDependency;
			package = 8FD1DDF32FAB9DB8002B8F0A /* XCRemoteSwiftPackageReference "firebase-ios-sdk" */;
			productName = FirebaseRemoteConfig;
		};
		8FD1DE202FAB9DB8002B8F0A /* FirebaseStorage */ = {
			isa = XCSwiftPackageProductDependency;
			package = 8FD1DDF32FAB9DB8002B8F0A /* XCRemoteSwiftPackageReference "firebase-ios-sdk" */;
			productName = FirebaseStorage;
		};
		8FD1DE222FAB9DB8002B8F0A /* FirebaseStorageCombine-Community */ = {
			isa = XCSwiftPackageProductDependency;
			package = 8FD1DDF32FAB9DB8002B8F0A /* XCRemoteSwiftPackageReference "firebase-ios-sdk" */;
			productName = "FirebaseStorageCombine-Community";
		};
		A1C0DE000000000000000002 /* KMPNativeCoroutinesAsync */ = {
			isa = XCSwiftPackageProductDependency;
			package = A1C0DE000000000000000001 /* XCRemoteSwiftPackageReference "KMP-NativeCoroutines" */;
			productName = KMPNativeCoroutinesAsync;
		};
		A1C0DE000000000000000003 /* KMPNativeCoroutinesCore */ = {
			isa = XCSwiftPackageProductDependency;
			package = A1C0DE000000000000000001 /* XCRemoteSwiftPackageReference "KMP-NativeCoroutines" */;
			productName = KMPNativeCoroutinesCore;
		};
/* End XCSwiftPackageProductDependency section */
	};
	rootObject = 0E5C98043399750D830BB2D0 /* Project object */;
}
